// !$*UTF8*$!
{
	archiveVersion = 1;
	classes = {
	};
	objectVersion = 46;
	objects = {

/* Begin PBXBuildFile section */
		0211515316721AE90065D98C /* main.m in Sources */ = {isa = PBXBuildFile; fileRef = 0211515216721AE90065D98C /* main.m */; };
/* End PBXBuildFile section */

/* Begin PBXCopyFilesBuildPhase section */
		0211514C16721AE90065D98C /* CopyFiles */ = {
			isa = PBXCopyFilesBuildPhase;
			buildActionMask = 2147483647;
			dstPath = /usr/share/man/man1/;
			dstSubfolderSpec = 0;
			files = (
			);
			runOnlyForDeploymentPostprocessing = 1;
		};
/* End PBXCopyFilesBuildPhase section */

/* Begin PBXFileReference section */
		0211514E16721AE90065D98C /* Sorting */ = {isa = PBXFileReference; explicitFileType = "compiled.mach-o.executable"; includeInIndex = 0; path = Sorting; sourceTree = BUILT_PRODUCTS_DIR; };
		0211515216721AE90065D98C /* main.m */ = {isa = PBXFileReference; lastKnownFileType = sourcecode.c.objc; path = main.m; sourceTree = "<group>"; };
/* End PBXFileReference section */

/* Begin PBXFrameworksBuildPhase section */
		0211514B16721AE90065D98C /* Frameworks */ = {
			isa = PBXFrameworksBuildPhase;
			buildActionMask = 2147483647;
			files = (
			);
			runOnlyForDeploymentPostprocessing = 0;
		};
/* End PBXFrameworksBuildPhase section */

/* Begin PBXGroup section */
		0211514316721AE90065D98C = {
			isa = PBXGroup;
			children = (
				0211515116721AE90065D98C /* Sorting */,
				0211514F16721AE90065D98C /* Products */,
			);
			sourceTree = "<group>";
		};
		0211514F16721AE90065D98C /* Products */ = {
			isa = PBXGroup;
			children = (
				0211514E16721AE90065D98C /* Sorting */,
			);
			name = Products;
			sourceTree = "<group>";
		};
		0211515116721AE90065D98C /* Sorting */ = {
			isa = PBXGroup;
			children = (
				0211515216721AE90065D98C /* main.m */,
			);
			path = Sorting;
			sourceTree = "<group>";
		};
/* End PBXGroup section */

/* Begin PBXNativeTarget section */
		0211514D16721AE90065D98C /* Sorting */ = {
			isa = PBXNativeTarget;
			buildConfigurationList = 0211515816721AE90065D98C /* Build configuration list for PBXNativeTarget "Sorting" */;
			buildPhases = (
				0211514A16721AE90065D98C /* Sources */,
				0211514B16721AE90065D98C /* Frameworks */,
				0211514C16721AE90065D98C /* CopyFiles */,
			);
			buildRules = (
			);
			dependencies = (
			);
			name = Sorting;
			productName = Sorting;
			productReference = 0211514E16721AE90065D98C /* Sorting */;
			productType = "com.apple.product-type.tool";
		};
/* End PBXNativeTarget section */

/* Begin PBXProject section */
		0211514516721AE90065D98C /* Project object */ = {
			isa = PBXProject;
			attributes = {
				LastUpgradeCheck = 0450;
				ORGANIZATIONNAME = Logan;
			};
			buildConfigurationList = 0211514816721AE90065D98C /* Build configuration list for PBXProject "Sorting" */;
			compatibilityVersion = "Xcode 3.2";
			developmentRegion = English;
			hasScannedForEncodings = 0;
			knownRegions = (
				en,
			);
			mainGroup = 0211514316721AE90065D98C;
			productRefGroup = 0211514F16721AE90065D98C /* Products */;
			projectDirPath = "";
			projectRoot = "";
			targets = (
				0211514D16721AE90065D98C /* Sorting */,
			);
		};
/* End PBXProject section */

/* Begin PBXSourcesBuildPhase section */
		0211514A16721AE90065D98C /* Sources */ = {
			isa = PBXSourcesBuildPhase;
			buildActionMask = 2147483647;
			files = (
				0211515316721AE90065D98C /* main.m in Sources */,
			);
			runOnlyForDeploymentPostprocessing = 0;
		};
/* End PBXSourcesBuildPhase section */

/* Begin XCBuildConfiguration section */
		0211515616721AE90065D98C /* Debug */ = {
			isa = XCBuildConfiguration;
			buildSettings = {
				ALWAYS_SEARCH_USER_PATHS = NO;
				ARCHS = "$(ARCHS_STANDARD_64_BIT)";
				CLANG_CXX_LANGUAGE_STANDARD = "gnu++0x";
				CLANG_CXX_LIBRARY = "libc++";
				CLANG_WARN_EMPTY_BODY = YES;
				CLANG_WARN__DUPLICATE_METHOD_MATCH = YES;
				COPY_PHASE_STRIP = NO;
				GCC_C_LANGUAGE_STANDARD = gnu99;
				GCC_DYNAMIC_NO_PIC = NO;
				GCC_ENABLE_OBJC_EXCEPTIONS = YES;
				GCC_OPTIMIZATION_LEVEL = 0;
				GCC_PREPROCESSOR_DEFINITIONS = (
					"DEBUG=1",
					"$(inherited)",
				);
				GCC_SYMBOLS_PRIVATE_EXTERN = NO;
				GCC_WARN_64_TO_32_BIT_CONVERSION = YES;
				GCC_WARN_ABOUT_RETURN_TYPE = YES;
				GCC_WARN_UNINITIALIZED_AUTOS = YES;
				GCC_WARN_UNUSED_VARIABLE = YES;
				MACOSX_DEPLOYMENT_TARGET = 10.7;
				ONLY_ACTIVE_ARCH = YES;
				SDKROOT = macosx;
			};
			name = Debug;
		};
		0211515716721AE90065D98C /* Release */ = {
			isa = XCBuildConfiguration;
			buildSettings = {
				ALWAYS_SEARCH_USER_PATHS = NO;
				ARCHS = "$(ARCHS_STANDARD_64_BIT)";
				CLANG_CXX_LANGUAGE_STANDARD = "gnu++0x";
				CLANG_CXX_LIBRARY = "libc++";
				CLANG_WARN_EMPTY_BODY = YES;
				CLANG_WARN__DUPLICATE_METHOD_MATCH = YES;
				COPY_PHASE_STRIP = YES;
				DEBUG_INFORMATION_FORMAT = "dwarf-with-dsym";
				GCC_C_LANGUAGE_STANDARD = gnu99;
				GCC_ENABLE_OBJC_EXCEPTIONS = YES;
				GCC_WARN_64_TO_32_BIT_CONVERSION = YES;
				GCC_WARN_ABOUT_RETURN_TYPE = YES;
				GCC_WARN_UNINITIALIZED_AUTOS = YES;
				GCC_WARN_UNUSED_VARIABLE = YES;
				MACOSX_DEPLOYMENT_TARGET = 10.7;
				SDKROOT = macosx;
			};
			name = Release;
		};
		0211515916721AE90065D98C /* Debug */ = {
			isa = XCBuildConfiguration;
			buildSettings = {
				PRODUCT_NAME = "$(TARGET_NAME)";
			};
			name = Debug;
		};
		0211515A16721AE90065D98C /* Release */ = {
			isa = XCBuildConfiguration;
			buildSettings = {
				PRODUCT_NAME = "$(TARGET_NAME)";
			};
			name = Release;
		};
/* End XCBuildConfiguration section */

/* Begin XCConfigurationList section */
		0211514816721AE90065D98C /* Build configuration list for PBXProject "Sorting" */ = {
			isa = XCConfigurationList;
			buildConfigurations = (
				0211515616721AE90065D98C /* Debug */,
				0211515716721AE90065D98C /* Release */,
			);
			defaultConfigurationIsVisible = 0;
			defaultConfigurationName = Release;
		};
		0211515816721AE90065D98C /* Build configuration list for PBXNativeTarget "Sorting" */ = {
			isa = XCConfigurationList;
			buildConfigurations = (
				0211515916721AE90065D98C /* Debug */,
				0211515A16721AE90065D98C /* Release */,
			);
			defaultConfigurationIsVisible = 0;
		};
/* End XCConfigurationList section */
	};
	rootObject = 0211514516721AE90065D98C /* Project object */;
}
